
Microsoft Visual Studio Solution File, Format Version 11.00
# Visual Studio 2010
Project("{FAE04EC0-301F-11D3-BF4B-00C04F79EFBC}") = "DFM.MVC", "DFM.MVC\DFM.MVC.csproj", "{D8715D0D-45FE-4623-A573-BC53AE5275A3}"
EndProject
Project("{FAE04EC0-301F-11D3-BF4B-00C04F79EFBC}") = "DFM.Entities", "DFM.Entities\DFM.Entities.csproj", "{288B6282-630A-4D92-BF07-717774BFB2BD}"
EndProject
Project("{FAE04EC0-301F-11D3-BF4B-00C04F79EFBC}") = "DFM.Entities.Extensions", "DFM.Entities.Extensions\DFM.Entities.Extensions.csproj", "{ED5A9D42-8D45-4CA5-BFD2-49E29483A6C4}"
EndProject
Project("{FAE04EC0-301F-11D3-BF4B-00C04F79EFBC}") = "DFM.Robot", "DFM.Robot\DFM.Robot.csproj", "{418078A8-A13A-40AE-A939-68E0EA25F35B}"
EndProject
Project("{FAE04EC0-301F-11D3-BF4B-00C04F79EFBC}") = "DFM.Email", "DFM.Email\DFM.Email.csproj", "{B586AB4F-74BD-4E49-B584-57F624522C45}"
EndProject
Project("{FAE04EC0-301F-11D3-BF4B-00C04F79EFBC}") = "DFM.BusinessLogic", "DFM.BusinessLogic\DFM.BusinessLogic.csproj", "{E749C813-2963-49E6-9D0A-7E6F165EF929}"
EndProject
Project("{FAE04EC0-301F-11D3-BF4B-00C04F79EFBC}") = "DFM.Repositories", "Repositories\DFM.Repositories.csproj", "{40054C79-2502-4A01-AF87-8AB2489F8A0D}"
EndProject
Global
	GlobalSection(TestCaseManagementSettings) = postSolution
		CategoryFile = DFM.vsmdi
	EndGlobalSection
	GlobalSection(SolutionConfigurationPlatforms) = preSolution
		Debug|Any CPU = Debug|Any CPU
		Debug|Mixed Platforms = Debug|Mixed Platforms
		Debug|x86 = Debug|x86
		Release|Any CPU = Release|Any CPU
		Release|Mixed Platforms = Release|Mixed Platforms
		Release|x86 = Release|x86
	EndGlobalSection
	GlobalSection(ProjectConfigurationPlatforms) = postSolution
		{D8715D0D-45FE-4623-A573-BC53AE5275A3}.Debug|Any CPU.ActiveCfg = Debug|Any CPU
		{D8715D0D-45FE-4623-A573-BC53AE5275A3}.Debug|Any CPU.Build.0 = Debug|Any CPU
		{D8715D0D-45FE-4623-A573-BC53AE5275A3}.Debug|Mixed Platforms.ActiveCfg = Debug|Any CPU
		{D8715D0D-45FE-4623-A573-BC53AE5275A3}.Debug|Mixed Platforms.Build.0 = Debug|Any CPU
		{D8715D0D-45FE-4623-A573-BC53AE5275A3}.Debug|x86.ActiveCfg = Debug|Any CPU
		{D8715D0D-45FE-4623-A573-BC53AE5275A3}.Release|Any CPU.ActiveCfg = Release|Any CPU
		{D8715D0D-45FE-4623-A573-BC53AE5275A3}.Release|Any CPU.Build.0 = Release|Any CPU
		{D8715D0D-45FE-4623-A573-BC53AE5275A3}.Release|Mixed Platforms.ActiveCfg = Release|Any CPU
		{D8715D0D-45FE-4623-A573-BC53AE5275A3}.Release|Mixed Platforms.Build.0 = Release|Any CPU
		{D8715D0D-45FE-4623-A573-BC53AE5275A3}.Release|x86.ActiveCfg = Release|Any CPU
		{288B6282-630A-4D92-BF07-717774BFB2BD}.Debug|Any CPU.ActiveCfg = Debug|Any CPU
		{288B6282-630A-4D92-BF07-717774BFB2BD}.Debug|Any CPU.Build.0 = Debug|Any CPU
		{288B6282-630A-4D92-BF07-717774BFB2BD}.Debug|Mixed Platforms.ActiveCfg = Debug|Any CPU
		{288B6282-630A-4D92-BF07-717774BFB2BD}.Debug|Mixed Platforms.Build.0 = Debug|Any CPU
		{288B6282-630A-4D92-BF07-717774BFB2BD}.Debug|x86.ActiveCfg = Debug|Any CPU
		{288B6282-630A-4D92-BF07-717774BFB2BD}.Release|Any CPU.ActiveCfg = Release|Any CPU
		{288B6282-630A-4D92-BF07-717774BFB2BD}.Release|Any CPU.Build.0 = Release|Any CPU
		{288B6282-630A-4D92-BF07-717774BFB2BD}.Release|Mixed Platforms.ActiveCfg = Release|Any CPU
		{288B6282-630A-4D92-BF07-717774BFB2BD}.Release|Mixed Platforms.Build.0 = Release|Any CPU
		{288B6282-630A-4D92-BF07-717774BFB2BD}.Release|x86.ActiveCfg = Release|Any CPU
		{ED5A9D42-8D45-4CA5-BFD2-49E29483A6C4}.Debug|Any CPU.ActiveCfg = Debug|Any CPU
		{ED5A9D42-8D45-4CA5-BFD2-49E29483A6C4}.Debug|Any CPU.Build.0 = Debug|Any CPU
		{ED5A9D42-8D45-4CA5-BFD2-49E29483A6C4}.Debug|Mixed Platforms.ActiveCfg = Debug|Any CPU
		{ED5A9D42-8D45-4CA5-BFD2-49E29483A6C4}.Debug|Mixed Platforms.Build.0 = Debug|Any CPU
		{ED5A9D42-8D45-4CA5-BFD2-49E29483A6C4}.Debug|x86.ActiveCfg = Debug|Any CPU
		{ED5A9D42-8D45-4CA5-BFD2-49E29483A6C4}.Release|Any CPU.ActiveCfg = Release|Any CPU
		{ED5A9D42-8D45-4CA5-BFD2-49E29483A6C4}.Release|Any CPU.Build.0 = Release|Any CPU
		{ED5A9D42-8D45-4CA5-BFD2-49E29483A6C4}.Release|Mixed Platforms.ActiveCfg = Release|Any CPU
		{ED5A9D42-8D45-4CA5-BFD2-49E29483A6C4}.Release|Mixed Platforms.Build.0 = Release|Any CPU
		{ED5A9D42-8D45-4CA5-BFD2-49E29483A6C4}.Release|x86.ActiveCfg = Release|Any CPU
		{418078A8-A13A-40AE-A939-68E0EA25F35B}.Debug|Any CPU.ActiveCfg = Debug|Any CPU
		{418078A8-A13A-40AE-A939-68E0EA25F35B}.Debug|Any CPU.Build.0 = Debug|Any CPU
		{418078A8-A13A-40AE-A939-68E0EA25F35B}.Debug|Mixed Platforms.ActiveCfg = Debug|Any CPU
		{418078A8-A13A-40AE-A939-68E0EA25F35B}.Debug|Mixed Platforms.Build.0 = Debug|Any CPU
		{418078A8-A13A-40AE-A939-68E0EA25F35B}.Debug|x86.ActiveCfg = Debug|Any CPU
		{418078A8-A13A-40AE-A939-68E0EA25F35B}.Release|Any CPU.ActiveCfg = Release|Any CPU
		{418078A8-A13A-40AE-A939-68E0EA25F35B}.Release|Any CPU.Build.0 = Release|Any CPU
		{418078A8-A13A-40AE-A939-68E0EA25F35B}.Release|Mixed Platforms.ActiveCfg = Release|Any CPU
		{418078A8-A13A-40AE-A939-68E0EA25F35B}.Release|Mixed Platforms.Build.0 = Release|Any CPU
		{418078A8-A13A-40AE-A939-68E0EA25F35B}.Release|x86.ActiveCfg = Release|Any CPU
		{B586AB4F-74BD-4E49-B584-57F624522C45}.Debug|Any CPU.ActiveCfg = Debug|Any CPU
		{B586AB4F-74BD-4E49-B584-57F624522C45}.Debug|Any CPU.Build.0 = Debug|Any CPU
		{B586AB4F-74BD-4E49-B584-57F624522C45}.Debug|Mixed Platforms.ActiveCfg = Debug|Any CPU
		{B586AB4F-74BD-4E49-B584-57F624522C45}.Debug|Mixed Platforms.Build.0 = Debug|Any CPU
		{B586AB4F-74BD-4E49-B584-57F624522C45}.Debug|x86.ActiveCfg = Debug|Any CPU
		{B586AB4F-74BD-4E49-B584-57F624522C45}.Release|Any CPU.ActiveCfg = Release|Any CPU
		{B586AB4F-74BD-4E49-B584-57F624522C45}.Release|Any CPU.Build.0 = Release|Any CPU
		{B586AB4F-74BD-4E49-B584-57F624522C45}.Release|Mixed Platforms.ActiveCfg = Release|Any CPU
		{B586AB4F-74BD-4E49-B584-57F624522C45}.Release|Mixed Platforms.Build.0 = Release|Any CPU
		{B586AB4F-74BD-4E49-B584-57F624522C45}.Release|x86.ActiveCfg = Release|Any CPU
		{E749C813-2963-49E6-9D0A-7E6F165EF929}.Debug|Any CPU.ActiveCfg = Debug|Any CPU
		{E749C813-2963-49E6-9D0A-7E6F165EF929}.Debug|Any CPU.Build.0 = Debug|Any CPU
		{E749C813-2963-49E6-9D0A-7E6F165EF929}.Debug|Mixed Platforms.ActiveCfg = Debug|Any CPU
		{E749C813-2963-49E6-9D0A-7E6F165EF929}.Debug|Mixed Platforms.Build.0 = Debug|Any CPU
		{E749C813-2963-49E6-9D0A-7E6F165EF929}.Debug|x86.ActiveCfg = Debug|Any CPU
		{E749C813-2963-49E6-9D0A-7E6F165EF929}.Release|Any CPU.ActiveCfg = Release|Any CPU
		{E749C813-2963-49E6-9D0A-7E6F165EF929}.Release|Any CPU.Build.0 = Release|Any CPU
		{E749C813-2963-49E6-9D0A-7E6F165EF929}.Release|Mixed Platforms.ActiveCfg = Release|Any CPU
		{E749C813-2963-49E6-9D0A-7E6F165EF929}.Release|Mixed Platforms.Build.0 = Release|Any CPU
		{E749C813-2963-49E6-9D0A-7E6F165EF929}.Release|x86.ActiveCfg = Release|Any CPU
		{40054C79-2502-4A01-AF87-8AB2489F8A0D}.Debug|Any CPU.ActiveCfg = Debug|Any CPU
		{40054C79-2502-4A01-AF87-8AB2489F8A0D}.Debug|Any CPU.Build.0 = Debug|Any CPU
		{40054C79-2502-4A01-AF87-8AB2489F8A0D}.Debug|Mixed Platforms.ActiveCfg = Debug|Any CPU
		{40054C79-2502-4A01-AF87-8AB2489F8A0D}.Debug|Mixed Platforms.Build.0 = Debug|Any CPU
		{40054C79-2502-4A01-AF87-8AB2489F8A0D}.Debug|x86.ActiveCfg = Debug|Any CPU
		{40054C79-2502-4A01-AF87-8AB2489F8A0D}.Release|Any CPU.ActiveCfg = Release|Any CPU
		{40054C79-2502-4A01-AF87-8AB2489F8A0D}.Release|Any CPU.Build.0 = Release|Any CPU
		{40054C79-2502-4A01-AF87-8AB2489F8A0D}.Release|Mixed Platforms.ActiveCfg = Release|Any CPU
		{40054C79-2502-4A01-AF87-8AB2489F8A0D}.Release|Mixed Platforms.Build.0 = Release|Any CPU
		{40054C79-2502-4A01-AF87-8AB2489F8A0D}.Release|x86.ActiveCfg = Release|Any CPU
	EndGlobalSection
	GlobalSection(SolutionProperties) = preSolution
		HideSolutionNode = FALSE
	EndGlobalSection
EndGlobal
