
Microsoft Visual Studio Solution File, Format Version 12.00
# Visual Studio 2013
VisualStudioVersion = 12.0.31101.0
MinimumVisualStudioVersion = 10.0.40219.1
Project("{FAE04EC0-301F-11D3-BF4B-00C04F79EFBC}") = "DFM.Entities", "DFM.Entities\DFM.Entities.csproj", "{288B6282-630A-4D92-BF07-717774BFB2BD}"
EndProject
Project("{FAE04EC0-301F-11D3-BF4B-00C04F79EFBC}") = "DFM.Email", "DFM.Email\DFM.Email.csproj", "{B586AB4F-74BD-4E49-B584-57F624522C45}"
EndProject
Project("{FAE04EC0-301F-11D3-BF4B-00C04F79EFBC}") = "DFM.BusinessLogic", "DFM.BusinessLogic\DFM.BusinessLogic.csproj", "{E749C813-2963-49E6-9D0A-7E6F165EF929}"
EndProject
Project("{FAE04EC0-301F-11D3-BF4B-00C04F79EFBC}") = "DFM.Repositories", "DFM.Repositories\DFM.Repositories.csproj", "{40054C79-2502-4A01-AF87-8AB2489F8A0D}"
EndProject
Project("{FAE04EC0-301F-11D3-BF4B-00C04F79EFBC}") = "DFM.Generic", "DFM.Generic\DFM.Generic.csproj", "{FD6843E9-6DC1-464A-A6D6-74AE215BD16D}"
EndProject
Project("{FAE04EC0-301F-11D3-BF4B-00C04F79EFBC}") = "DFM.Multilanguage", "DFM.Multilanguage\DFM.Multilanguage.csproj", "{A747268B-CE55-4577-8D72-5405A2E5866C}"
EndProject
Project("{FAE04EC0-301F-11D3-BF4B-00C04F79EFBC}") = "DFM.Tests", "DFM.Tests\DFM.Tests.csproj", "{0958B228-EDB7-4CDF-A916-CE9D778A9CBD}"
EndProject
Project("{FAE04EC0-301F-11D3-BF4B-00C04F79EFBC}") = "DFM.Authentication", "DFM.Authentication\DFM.Authentication.csproj", "{84AD52CD-61AA-4F63-B26F-92392493E4DC}"
EndProject
Project("{FAE04EC0-301F-11D3-BF4B-00C04F79EFBC}") = "DFM.Console4Tests", "DFM.Console4Tests\DFM.Console4Tests.csproj", "{D3552EB5-C5CA-446C-8D6A-BBD72D355448}"
EndProject
Project("{2150E333-8FDC-42A3-9474-1A3956D46DE8}") = "Solution Items", "Solution Items", "{70D44DB4-8064-4288-AC10-BD3637CB5DBE}"
	ProjectSection(SolutionItems) = preProject
		..\Legend.txt = ..\Legend.txt
		..\Tasks.txt = ..\Tasks.txt
		..\Tests.txt = ..\Tests.txt
	EndProjectSection
EndProject
Project("{FAE04EC0-301F-11D3-BF4B-00C04F79EFBC}") = "DFM.MVC", "DFM.MVC\DFM.MVC.csproj", "{B1126209-7F7A-49A3-8DA3-AFFAD4F522D5}"
EndProject
Global
	GlobalSection(SolutionConfigurationPlatforms) = preSolution
		Debug|Any CPU = Debug|Any CPU
		Debug|Mixed Platforms = Debug|Mixed Platforms
		Debug|x86 = Debug|x86
		Release|Any CPU = Release|Any CPU
		Release|Mixed Platforms = Release|Mixed Platforms
		Release|x86 = Release|x86
	EndGlobalSection
	GlobalSection(ProjectConfigurationPlatforms) = postSolution
		{288B6282-630A-4D92-BF07-717774BFB2BD}.Debug|Any CPU.ActiveCfg = Debug|Any CPU
		{288B6282-630A-4D92-BF07-717774BFB2BD}.Debug|Any CPU.Build.0 = Debug|Any CPU
		{288B6282-630A-4D92-BF07-717774BFB2BD}.Debug|Mixed Platforms.ActiveCfg = Debug|Any CPU
		{288B6282-630A-4D92-BF07-717774BFB2BD}.Debug|Mixed Platforms.Build.0 = Debug|Any CPU
		{288B6282-630A-4D92-BF07-717774BFB2BD}.Debug|x86.ActiveCfg = Debug|Any CPU
		{288B6282-630A-4D92-BF07-717774BFB2BD}.Release|Any CPU.ActiveCfg = Release|Any CPU
		{288B6282-630A-4D92-BF07-717774BFB2BD}.Release|Any CPU.Build.0 = Release|Any CPU
		{288B6282-630A-4D92-BF07-717774BFB2BD}.Release|Mixed Platforms.ActiveCfg = Release|Any CPU
		{288B6282-630A-4D92-BF07-717774BFB2BD}.Release|Mixed Platforms.Build.0 = Release|Any CPU
		{288B6282-630A-4D92-BF07-717774BFB2BD}.Release|x86.ActiveCfg = Release|Any CPU
		{B586AB4F-74BD-4E49-B584-57F624522C45}.Debug|Any CPU.ActiveCfg = Debug|Any CPU
		{B586AB4F-74BD-4E49-B584-57F624522C45}.Debug|Any CPU.Build.0 = Debug|Any CPU
		{B586AB4F-74BD-4E49-B584-57F624522C45}.Debug|Mixed Platforms.ActiveCfg = Debug|Any CPU
		{B586AB4F-74BD-4E49-B584-57F624522C45}.Debug|Mixed Platforms.Build.0 = Debug|Any CPU
		{B586AB4F-74BD-4E49-B584-57F624522C45}.Debug|x86.ActiveCfg = Debug|Any CPU
		{B586AB4F-74BD-4E49-B584-57F624522C45}.Release|Any CPU.ActiveCfg = Release|Any CPU
		{B586AB4F-74BD-4E49-B584-57F624522C45}.Release|Any CPU.Build.0 = Release|Any CPU
		{B586AB4F-74BD-4E49-B584-57F624522C45}.Release|Mixed Platforms.ActiveCfg = Release|Any CPU
		{B586AB4F-74BD-4E49-B584-57F624522C45}.Release|Mixed Platforms.Build.0 = Release|Any CPU
		{B586AB4F-74BD-4E49-B584-57F624522C45}.Release|x86.ActiveCfg = Release|Any CPU
		{E749C813-2963-49E6-9D0A-7E6F165EF929}.Debug|Any CPU.ActiveCfg = Debug|Any CPU
		{E749C813-2963-49E6-9D0A-7E6F165EF929}.Debug|Any CPU.Build.0 = Debug|Any CPU
		{E749C813-2963-49E6-9D0A-7E6F165EF929}.Debug|Mixed Platforms.ActiveCfg = Debug|Any CPU
		{E749C813-2963-49E6-9D0A-7E6F165EF929}.Debug|Mixed Platforms.Build.0 = Debug|Any CPU
		{E749C813-2963-49E6-9D0A-7E6F165EF929}.Debug|x86.ActiveCfg = Debug|Any CPU
		{E749C813-2963-49E6-9D0A-7E6F165EF929}.Release|Any CPU.ActiveCfg = Release|Any CPU
		{E749C813-2963-49E6-9D0A-7E6F165EF929}.Release|Any CPU.Build.0 = Release|Any CPU
		{E749C813-2963-49E6-9D0A-7E6F165EF929}.Release|Mixed Platforms.ActiveCfg = Release|Any CPU
		{E749C813-2963-49E6-9D0A-7E6F165EF929}.Release|Mixed Platforms.Build.0 = Release|Any CPU
		{E749C813-2963-49E6-9D0A-7E6F165EF929}.Release|x86.ActiveCfg = Release|Any CPU
		{40054C79-2502-4A01-AF87-8AB2489F8A0D}.Debug|Any CPU.ActiveCfg = Debug|Any CPU
		{40054C79-2502-4A01-AF87-8AB2489F8A0D}.Debug|Any CPU.Build.0 = Debug|Any CPU
		{40054C79-2502-4A01-AF87-8AB2489F8A0D}.Debug|Mixed Platforms.ActiveCfg = Debug|Any CPU
		{40054C79-2502-4A01-AF87-8AB2489F8A0D}.Debug|Mixed Platforms.Build.0 = Debug|Any CPU
		{40054C79-2502-4A01-AF87-8AB2489F8A0D}.Debug|x86.ActiveCfg = Debug|Any CPU
		{40054C79-2502-4A01-AF87-8AB2489F8A0D}.Release|Any CPU.ActiveCfg = Release|Any CPU
		{40054C79-2502-4A01-AF87-8AB2489F8A0D}.Release|Any CPU.Build.0 = Release|Any CPU
		{40054C79-2502-4A01-AF87-8AB2489F8A0D}.Release|Mixed Platforms.ActiveCfg = Release|Any CPU
		{40054C79-2502-4A01-AF87-8AB2489F8A0D}.Release|Mixed Platforms.Build.0 = Release|Any CPU
		{40054C79-2502-4A01-AF87-8AB2489F8A0D}.Release|x86.ActiveCfg = Release|Any CPU
		{FD6843E9-6DC1-464A-A6D6-74AE215BD16D}.Debug|Any CPU.ActiveCfg = Debug|Any CPU
		{FD6843E9-6DC1-464A-A6D6-74AE215BD16D}.Debug|Any CPU.Build.0 = Debug|Any CPU
		{FD6843E9-6DC1-464A-A6D6-74AE215BD16D}.Debug|Mixed Platforms.ActiveCfg = Debug|Any CPU
		{FD6843E9-6DC1-464A-A6D6-74AE215BD16D}.Debug|Mixed Platforms.Build.0 = Debug|Any CPU
		{FD6843E9-6DC1-464A-A6D6-74AE215BD16D}.Debug|x86.ActiveCfg = Debug|Any CPU
		{FD6843E9-6DC1-464A-A6D6-74AE215BD16D}.Release|Any CPU.ActiveCfg = Release|Any CPU
		{FD6843E9-6DC1-464A-A6D6-74AE215BD16D}.Release|Any CPU.Build.0 = Release|Any CPU
		{FD6843E9-6DC1-464A-A6D6-74AE215BD16D}.Release|Mixed Platforms.ActiveCfg = Release|Any CPU
		{FD6843E9-6DC1-464A-A6D6-74AE215BD16D}.Release|Mixed Platforms.Build.0 = Release|Any CPU
		{FD6843E9-6DC1-464A-A6D6-74AE215BD16D}.Release|x86.ActiveCfg = Release|Any CPU
		{A747268B-CE55-4577-8D72-5405A2E5866C}.Debug|Any CPU.ActiveCfg = Debug|Any CPU
		{A747268B-CE55-4577-8D72-5405A2E5866C}.Debug|Any CPU.Build.0 = Debug|Any CPU
		{A747268B-CE55-4577-8D72-5405A2E5866C}.Debug|Mixed Platforms.ActiveCfg = Debug|Any CPU
		{A747268B-CE55-4577-8D72-5405A2E5866C}.Debug|Mixed Platforms.Build.0 = Debug|Any CPU
		{A747268B-CE55-4577-8D72-5405A2E5866C}.Debug|x86.ActiveCfg = Debug|Any CPU
		{A747268B-CE55-4577-8D72-5405A2E5866C}.Release|Any CPU.ActiveCfg = Release|Any CPU
		{A747268B-CE55-4577-8D72-5405A2E5866C}.Release|Any CPU.Build.0 = Release|Any CPU
		{A747268B-CE55-4577-8D72-5405A2E5866C}.Release|Mixed Platforms.ActiveCfg = Release|Any CPU
		{A747268B-CE55-4577-8D72-5405A2E5866C}.Release|Mixed Platforms.Build.0 = Release|Any CPU
		{A747268B-CE55-4577-8D72-5405A2E5866C}.Release|x86.ActiveCfg = Release|Any CPU
		{0958B228-EDB7-4CDF-A916-CE9D778A9CBD}.Debug|Any CPU.ActiveCfg = Debug|Any CPU
		{0958B228-EDB7-4CDF-A916-CE9D778A9CBD}.Debug|Any CPU.Build.0 = Debug|Any CPU
		{0958B228-EDB7-4CDF-A916-CE9D778A9CBD}.Debug|Mixed Platforms.ActiveCfg = Debug|Any CPU
		{0958B228-EDB7-4CDF-A916-CE9D778A9CBD}.Debug|Mixed Platforms.Build.0 = Debug|Any CPU
		{0958B228-EDB7-4CDF-A916-CE9D778A9CBD}.Debug|x86.ActiveCfg = Debug|Any CPU
		{0958B228-EDB7-4CDF-A916-CE9D778A9CBD}.Release|Any CPU.ActiveCfg = Release|Any CPU
		{0958B228-EDB7-4CDF-A916-CE9D778A9CBD}.Release|Any CPU.Build.0 = Release|Any CPU
		{0958B228-EDB7-4CDF-A916-CE9D778A9CBD}.Release|Mixed Platforms.ActiveCfg = Release|Any CPU
		{0958B228-EDB7-4CDF-A916-CE9D778A9CBD}.Release|Mixed Platforms.Build.0 = Release|Any CPU
		{0958B228-EDB7-4CDF-A916-CE9D778A9CBD}.Release|x86.ActiveCfg = Release|Any CPU
		{84AD52CD-61AA-4F63-B26F-92392493E4DC}.Debug|Any CPU.ActiveCfg = Debug|Any CPU
		{84AD52CD-61AA-4F63-B26F-92392493E4DC}.Debug|Any CPU.Build.0 = Debug|Any CPU
		{84AD52CD-61AA-4F63-B26F-92392493E4DC}.Debug|Mixed Platforms.ActiveCfg = Debug|Any CPU
		{84AD52CD-61AA-4F63-B26F-92392493E4DC}.Debug|Mixed Platforms.Build.0 = Debug|Any CPU
		{84AD52CD-61AA-4F63-B26F-92392493E4DC}.Debug|x86.ActiveCfg = Debug|Any CPU
		{84AD52CD-61AA-4F63-B26F-92392493E4DC}.Release|Any CPU.ActiveCfg = Release|Any CPU
		{84AD52CD-61AA-4F63-B26F-92392493E4DC}.Release|Any CPU.Build.0 = Release|Any CPU
		{84AD52CD-61AA-4F63-B26F-92392493E4DC}.Release|Mixed Platforms.ActiveCfg = Release|Any CPU
		{84AD52CD-61AA-4F63-B26F-92392493E4DC}.Release|Mixed Platforms.Build.0 = Release|Any CPU
		{84AD52CD-61AA-4F63-B26F-92392493E4DC}.Release|x86.ActiveCfg = Release|Any CPU
		{D3552EB5-C5CA-446C-8D6A-BBD72D355448}.Debug|Any CPU.ActiveCfg = Debug|Any CPU
		{D3552EB5-C5CA-446C-8D6A-BBD72D355448}.Debug|Any CPU.Build.0 = Debug|Any CPU
		{D3552EB5-C5CA-446C-8D6A-BBD72D355448}.Debug|Mixed Platforms.ActiveCfg = Debug|Any CPU
		{D3552EB5-C5CA-446C-8D6A-BBD72D355448}.Debug|Mixed Platforms.Build.0 = Debug|Any CPU
		{D3552EB5-C5CA-446C-8D6A-BBD72D355448}.Debug|x86.ActiveCfg = Debug|Any CPU
		{D3552EB5-C5CA-446C-8D6A-BBD72D355448}.Release|Any CPU.ActiveCfg = Release|Any CPU
		{D3552EB5-C5CA-446C-8D6A-BBD72D355448}.Release|Any CPU.Build.0 = Release|Any CPU
		{D3552EB5-C5CA-446C-8D6A-BBD72D355448}.Release|Mixed Platforms.ActiveCfg = Release|Any CPU
		{D3552EB5-C5CA-446C-8D6A-BBD72D355448}.Release|Mixed Platforms.Build.0 = Release|Any CPU
		{D3552EB5-C5CA-446C-8D6A-BBD72D355448}.Release|x86.ActiveCfg = Release|Any CPU
		{B1126209-7F7A-49A3-8DA3-AFFAD4F522D5}.Debug|Any CPU.ActiveCfg = Debug|Any CPU
		{B1126209-7F7A-49A3-8DA3-AFFAD4F522D5}.Debug|Any CPU.Build.0 = Debug|Any CPU
		{B1126209-7F7A-49A3-8DA3-AFFAD4F522D5}.Debug|Mixed Platforms.ActiveCfg = Debug|Any CPU
		{B1126209-7F7A-49A3-8DA3-AFFAD4F522D5}.Debug|Mixed Platforms.Build.0 = Debug|Any CPU
		{B1126209-7F7A-49A3-8DA3-AFFAD4F522D5}.Debug|x86.ActiveCfg = Debug|Any CPU
		{B1126209-7F7A-49A3-8DA3-AFFAD4F522D5}.Release|Any CPU.ActiveCfg = Release|Any CPU
		{B1126209-7F7A-49A3-8DA3-AFFAD4F522D5}.Release|Any CPU.Build.0 = Release|Any CPU
		{B1126209-7F7A-49A3-8DA3-AFFAD4F522D5}.Release|Mixed Platforms.ActiveCfg = Release|Any CPU
		{B1126209-7F7A-49A3-8DA3-AFFAD4F522D5}.Release|Mixed Platforms.Build.0 = Release|Any CPU
		{B1126209-7F7A-49A3-8DA3-AFFAD4F522D5}.Release|x86.ActiveCfg = Release|Any CPU
	EndGlobalSection
	GlobalSection(SolutionProperties) = preSolution
		HideSolutionNode = FALSE
	EndGlobalSection
	GlobalSection(TestCaseManagementSettings) = postSolution
		CategoryFile = DFM.vsmdi
	EndGlobalSection
EndGlobal
