
Microsoft Visual Studio Solution File, Format Version 12.00
# Visual Studio Version 17
VisualStudioVersion = 17.1.32407.343
MinimumVisualStudioVersion = 10.0.40219.1
Project("{2150E333-8FDC-42A3-9474-1A3956D46DE8}") = "Solution Items", "Solution Items", "{7EB84316-3CE2-4426-AA5E-7234811CA5BB}"
	ProjectSection(SolutionItems) = preProject
		.editorconfig = .editorconfig
	EndProjectSection
EndProject
Project("{9A19103F-16F7-4668-BE54-9A1E7A4F7556}") = "Entities", "Entities\Entities.csproj", "{288B6282-630A-4D92-BF07-717774BFB2BD}"
EndProject
Project("{9A19103F-16F7-4668-BE54-9A1E7A4F7556}") = "Email", "Email\Email.csproj", "{B586AB4F-74BD-4E49-B584-57F624522C45}"
EndProject
Project("{9A19103F-16F7-4668-BE54-9A1E7A4F7556}") = "BusinessLogic", "BusinessLogic\BusinessLogic.csproj", "{E749C813-2963-49E6-9D0A-7E6F165EF929}"
EndProject
Project("{9A19103F-16F7-4668-BE54-9A1E7A4F7556}") = "Generic", "Generic\Generic.csproj", "{FD6843E9-6DC1-464A-A6D6-74AE215BD16D}"
EndProject
Project("{9A19103F-16F7-4668-BE54-9A1E7A4F7556}") = "Language", "Language\Language.csproj", "{A747268B-CE55-4577-8D72-5405A2E5866C}"
EndProject
Project("{9A19103F-16F7-4668-BE54-9A1E7A4F7556}") = "Tests.Util", "Tests\Util\Tests.Util.csproj", "{0958B228-EDB7-4CDF-A916-CE9D778A9CBD}"
EndProject
Project("{9A19103F-16F7-4668-BE54-9A1E7A4F7556}") = "Authentication", "Authentication\Authentication.csproj", "{84AD52CD-61AA-4F63-B26F-92392493E4DC}"
EndProject
Project("{9A19103F-16F7-4668-BE54-9A1E7A4F7556}") = "BusinessLogic.Tests", "Tests\BusinessLogic\BusinessLogic.Tests.csproj", "{7A988044-7667-4A77-AF91-06E9FC5CD3EF}"
EndProject
Project("{9A19103F-16F7-4668-BE54-9A1E7A4F7556}") = "Language.Tests", "Tests\Language\Language.Tests.csproj", "{FA44C4F9-1B21-4F99-AD35-F61F592895FC}"
EndProject
Project("{9A19103F-16F7-4668-BE54-9A1E7A4F7556}") = "Email.Tests", "Tests\Email\Email.Tests.csproj", "{F4A55496-34C2-4FEB-A19B-8BD437007035}"
EndProject
Project("{9A19103F-16F7-4668-BE54-9A1E7A4F7556}") = "Logs", "Logs\Logs.csproj", "{510A4DAA-4A0F-40D2-B7BC-AB3F95885639}"
EndProject
Project("{9A19103F-16F7-4668-BE54-9A1E7A4F7556}") = "Exchange", "Exchange\Exchange.csproj", "{FD413FDB-6509-496F-BBA8-9F73C42F1510}"
EndProject
Project("{9A19103F-16F7-4668-BE54-9A1E7A4F7556}") = "Exchange.Tests", "Tests\Exchange\Exchange.Tests.csproj", "{416BA788-0F15-413D-8AA5-4A187BC35CD0}"
EndProject
Project("{9A19103F-16F7-4668-BE54-9A1E7A4F7556}") = "Generic.Tests", "Tests\Generic\Generic.Tests.csproj", "{FE8F7986-DCE0-42AC-8D22-440688DA0F01}"
EndProject
Project("{9A19103F-16F7-4668-BE54-9A1E7A4F7556}") = "Entities.Tests", "Tests\Entities\Entities.Tests.csproj", "{9E22EDFA-FC9E-48D0-818D-CB799F2BEC33}"
EndProject
Project("{9A19103F-16F7-4668-BE54-9A1E7A4F7556}") = "Queue", "Queue\Queue.csproj", "{1F8CCE8F-378E-408A-8333-3C2C5D0E892C}"
EndProject
Project("{9A19103F-16F7-4668-BE54-9A1E7A4F7556}") = "Queue.TestApp", "Tests\Queue.TestApp\Queue.TestApp.csproj", "{60CC8C3A-E427-418D-BF79-279DB588BAE2}"
EndProject
Project("{FAE04EC0-301F-11D3-BF4B-00C04F79EFBC}") = "Files", "Files\Files.csproj", "{2D492082-2389-4EB9-8345-3F8E6022B6CB}"
EndProject
Global
	GlobalSection(SolutionConfigurationPlatforms) = preSolution
		BrowserTests|Any CPU = BrowserTests|Any CPU
		Debug|Any CPU = Debug|Any CPU
		Release|Any CPU = Release|Any CPU
	EndGlobalSection
	GlobalSection(ProjectConfigurationPlatforms) = postSolution
		{288B6282-630A-4D92-BF07-717774BFB2BD}.BrowserTests|Any CPU.ActiveCfg = Release|Any CPU
		{288B6282-630A-4D92-BF07-717774BFB2BD}.BrowserTests|Any CPU.Build.0 = Release|Any CPU
		{288B6282-630A-4D92-BF07-717774BFB2BD}.Debug|Any CPU.ActiveCfg = Debug|Any CPU
		{288B6282-630A-4D92-BF07-717774BFB2BD}.Debug|Any CPU.Build.0 = Debug|Any CPU
		{288B6282-630A-4D92-BF07-717774BFB2BD}.Release|Any CPU.ActiveCfg = Release|Any CPU
		{288B6282-630A-4D92-BF07-717774BFB2BD}.Release|Any CPU.Build.0 = Release|Any CPU
		{B586AB4F-74BD-4E49-B584-57F624522C45}.BrowserTests|Any CPU.ActiveCfg = Release|Any CPU
		{B586AB4F-74BD-4E49-B584-57F624522C45}.BrowserTests|Any CPU.Build.0 = Release|Any CPU
		{B586AB4F-74BD-4E49-B584-57F624522C45}.Debug|Any CPU.ActiveCfg = Debug|Any CPU
		{B586AB4F-74BD-4E49-B584-57F624522C45}.Debug|Any CPU.Build.0 = Debug|Any CPU
		{B586AB4F-74BD-4E49-B584-57F624522C45}.Release|Any CPU.ActiveCfg = Release|Any CPU
		{B586AB4F-74BD-4E49-B584-57F624522C45}.Release|Any CPU.Build.0 = Release|Any CPU
		{E749C813-2963-49E6-9D0A-7E6F165EF929}.BrowserTests|Any CPU.ActiveCfg = Release|Any CPU
		{E749C813-2963-49E6-9D0A-7E6F165EF929}.BrowserTests|Any CPU.Build.0 = Release|Any CPU
		{E749C813-2963-49E6-9D0A-7E6F165EF929}.Debug|Any CPU.ActiveCfg = Debug|Any CPU
		{E749C813-2963-49E6-9D0A-7E6F165EF929}.Debug|Any CPU.Build.0 = Debug|Any CPU
		{E749C813-2963-49E6-9D0A-7E6F165EF929}.Release|Any CPU.ActiveCfg = Release|Any CPU
		{E749C813-2963-49E6-9D0A-7E6F165EF929}.Release|Any CPU.Build.0 = Release|Any CPU
		{FD6843E9-6DC1-464A-A6D6-74AE215BD16D}.BrowserTests|Any CPU.ActiveCfg = Release|Any CPU
		{FD6843E9-6DC1-464A-A6D6-74AE215BD16D}.BrowserTests|Any CPU.Build.0 = Release|Any CPU
		{FD6843E9-6DC1-464A-A6D6-74AE215BD16D}.Debug|Any CPU.ActiveCfg = Debug|Any CPU
		{FD6843E9-6DC1-464A-A6D6-74AE215BD16D}.Debug|Any CPU.Build.0 = Debug|Any CPU
		{FD6843E9-6DC1-464A-A6D6-74AE215BD16D}.Release|Any CPU.ActiveCfg = Release|Any CPU
		{FD6843E9-6DC1-464A-A6D6-74AE215BD16D}.Release|Any CPU.Build.0 = Release|Any CPU
		{A747268B-CE55-4577-8D72-5405A2E5866C}.BrowserTests|Any CPU.ActiveCfg = Release|Any CPU
		{A747268B-CE55-4577-8D72-5405A2E5866C}.BrowserTests|Any CPU.Build.0 = Release|Any CPU
		{A747268B-CE55-4577-8D72-5405A2E5866C}.Debug|Any CPU.ActiveCfg = Debug|Any CPU
		{A747268B-CE55-4577-8D72-5405A2E5866C}.Debug|Any CPU.Build.0 = Debug|Any CPU
		{A747268B-CE55-4577-8D72-5405A2E5866C}.Release|Any CPU.ActiveCfg = Release|Any CPU
		{A747268B-CE55-4577-8D72-5405A2E5866C}.Release|Any CPU.Build.0 = Release|Any CPU
		{0958B228-EDB7-4CDF-A916-CE9D778A9CBD}.BrowserTests|Any CPU.ActiveCfg = Release|Any CPU
		{0958B228-EDB7-4CDF-A916-CE9D778A9CBD}.Debug|Any CPU.ActiveCfg = Debug|Any CPU
		{0958B228-EDB7-4CDF-A916-CE9D778A9CBD}.Debug|Any CPU.Build.0 = Debug|Any CPU
		{0958B228-EDB7-4CDF-A916-CE9D778A9CBD}.Release|Any CPU.ActiveCfg = Release|Any CPU
		{84AD52CD-61AA-4F63-B26F-92392493E4DC}.BrowserTests|Any CPU.ActiveCfg = Release|Any CPU
		{84AD52CD-61AA-4F63-B26F-92392493E4DC}.BrowserTests|Any CPU.Build.0 = Release|Any CPU
		{84AD52CD-61AA-4F63-B26F-92392493E4DC}.Debug|Any CPU.ActiveCfg = Debug|Any CPU
		{84AD52CD-61AA-4F63-B26F-92392493E4DC}.Debug|Any CPU.Build.0 = Debug|Any CPU
		{84AD52CD-61AA-4F63-B26F-92392493E4DC}.Release|Any CPU.ActiveCfg = Release|Any CPU
		{84AD52CD-61AA-4F63-B26F-92392493E4DC}.Release|Any CPU.Build.0 = Release|Any CPU
		{7A988044-7667-4A77-AF91-06E9FC5CD3EF}.BrowserTests|Any CPU.ActiveCfg = Release|Any CPU
		{7A988044-7667-4A77-AF91-06E9FC5CD3EF}.Debug|Any CPU.ActiveCfg = Debug|Any CPU
		{7A988044-7667-4A77-AF91-06E9FC5CD3EF}.Debug|Any CPU.Build.0 = Debug|Any CPU
		{7A988044-7667-4A77-AF91-06E9FC5CD3EF}.Release|Any CPU.ActiveCfg = Release|Any CPU
		{FA44C4F9-1B21-4F99-AD35-F61F592895FC}.BrowserTests|Any CPU.ActiveCfg = Release|Any CPU
		{FA44C4F9-1B21-4F99-AD35-F61F592895FC}.Debug|Any CPU.ActiveCfg = Debug|Any CPU
		{FA44C4F9-1B21-4F99-AD35-F61F592895FC}.Debug|Any CPU.Build.0 = Debug|Any CPU
		{FA44C4F9-1B21-4F99-AD35-F61F592895FC}.Release|Any CPU.ActiveCfg = Release|Any CPU
		{F4A55496-34C2-4FEB-A19B-8BD437007035}.BrowserTests|Any CPU.ActiveCfg = Release|Any CPU
		{F4A55496-34C2-4FEB-A19B-8BD437007035}.Debug|Any CPU.ActiveCfg = Debug|Any CPU
		{F4A55496-34C2-4FEB-A19B-8BD437007035}.Debug|Any CPU.Build.0 = Debug|Any CPU
		{F4A55496-34C2-4FEB-A19B-8BD437007035}.Release|Any CPU.ActiveCfg = Release|Any CPU
		{510A4DAA-4A0F-40D2-B7BC-AB3F95885639}.BrowserTests|Any CPU.ActiveCfg = Debug|Any CPU
		{510A4DAA-4A0F-40D2-B7BC-AB3F95885639}.BrowserTests|Any CPU.Build.0 = Debug|Any CPU
		{510A4DAA-4A0F-40D2-B7BC-AB3F95885639}.Debug|Any CPU.ActiveCfg = Debug|Any CPU
		{510A4DAA-4A0F-40D2-B7BC-AB3F95885639}.Debug|Any CPU.Build.0 = Debug|Any CPU
		{510A4DAA-4A0F-40D2-B7BC-AB3F95885639}.Release|Any CPU.ActiveCfg = Release|Any CPU
		{510A4DAA-4A0F-40D2-B7BC-AB3F95885639}.Release|Any CPU.Build.0 = Release|Any CPU
		{FD413FDB-6509-496F-BBA8-9F73C42F1510}.BrowserTests|Any CPU.ActiveCfg = Debug|Any CPU
		{FD413FDB-6509-496F-BBA8-9F73C42F1510}.BrowserTests|Any CPU.Build.0 = Debug|Any CPU
		{FD413FDB-6509-496F-BBA8-9F73C42F1510}.Debug|Any CPU.ActiveCfg = Debug|Any CPU
		{FD413FDB-6509-496F-BBA8-9F73C42F1510}.Debug|Any CPU.Build.0 = Debug|Any CPU
		{FD413FDB-6509-496F-BBA8-9F73C42F1510}.Release|Any CPU.ActiveCfg = Release|Any CPU
		{FD413FDB-6509-496F-BBA8-9F73C42F1510}.Release|Any CPU.Build.0 = Release|Any CPU
		{416BA788-0F15-413D-8AA5-4A187BC35CD0}.BrowserTests|Any CPU.ActiveCfg = Debug|Any CPU
		{416BA788-0F15-413D-8AA5-4A187BC35CD0}.BrowserTests|Any CPU.Build.0 = Debug|Any CPU
		{416BA788-0F15-413D-8AA5-4A187BC35CD0}.Debug|Any CPU.ActiveCfg = Debug|Any CPU
		{416BA788-0F15-413D-8AA5-4A187BC35CD0}.Debug|Any CPU.Build.0 = Debug|Any CPU
		{416BA788-0F15-413D-8AA5-4A187BC35CD0}.Release|Any CPU.ActiveCfg = Release|Any CPU
		{416BA788-0F15-413D-8AA5-4A187BC35CD0}.Release|Any CPU.Build.0 = Release|Any CPU
		{FE8F7986-DCE0-42AC-8D22-440688DA0F01}.BrowserTests|Any CPU.ActiveCfg = Debug|Any CPU
		{FE8F7986-DCE0-42AC-8D22-440688DA0F01}.BrowserTests|Any CPU.Build.0 = Debug|Any CPU
		{FE8F7986-DCE0-42AC-8D22-440688DA0F01}.Debug|Any CPU.ActiveCfg = Debug|Any CPU
		{FE8F7986-DCE0-42AC-8D22-440688DA0F01}.Debug|Any CPU.Build.0 = Debug|Any CPU
		{FE8F7986-DCE0-42AC-8D22-440688DA0F01}.Release|Any CPU.ActiveCfg = Release|Any CPU
		{FE8F7986-DCE0-42AC-8D22-440688DA0F01}.Release|Any CPU.Build.0 = Release|Any CPU
		{9E22EDFA-FC9E-48D0-818D-CB799F2BEC33}.BrowserTests|Any CPU.ActiveCfg = Debug|Any CPU
		{9E22EDFA-FC9E-48D0-818D-CB799F2BEC33}.BrowserTests|Any CPU.Build.0 = Debug|Any CPU
		{9E22EDFA-FC9E-48D0-818D-CB799F2BEC33}.Debug|Any CPU.ActiveCfg = Debug|Any CPU
		{9E22EDFA-FC9E-48D0-818D-CB799F2BEC33}.Debug|Any CPU.Build.0 = Debug|Any CPU
		{9E22EDFA-FC9E-48D0-818D-CB799F2BEC33}.Release|Any CPU.ActiveCfg = Release|Any CPU
		{9E22EDFA-FC9E-48D0-818D-CB799F2BEC33}.Release|Any CPU.Build.0 = Release|Any CPU
		{1F8CCE8F-378E-408A-8333-3C2C5D0E892C}.BrowserTests|Any CPU.ActiveCfg = Debug|Any CPU
		{1F8CCE8F-378E-408A-8333-3C2C5D0E892C}.BrowserTests|Any CPU.Build.0 = Debug|Any CPU
		{1F8CCE8F-378E-408A-8333-3C2C5D0E892C}.Debug|Any CPU.ActiveCfg = Debug|Any CPU
		{1F8CCE8F-378E-408A-8333-3C2C5D0E892C}.Debug|Any CPU.Build.0 = Debug|Any CPU
		{1F8CCE8F-378E-408A-8333-3C2C5D0E892C}.Release|Any CPU.ActiveCfg = Release|Any CPU
		{1F8CCE8F-378E-408A-8333-3C2C5D0E892C}.Release|Any CPU.Build.0 = Release|Any CPU
		{60CC8C3A-E427-418D-BF79-279DB588BAE2}.BrowserTests|Any CPU.ActiveCfg = Debug|Any CPU
		{60CC8C3A-E427-418D-BF79-279DB588BAE2}.BrowserTests|Any CPU.Build.0 = Debug|Any CPU
		{60CC8C3A-E427-418D-BF79-279DB588BAE2}.Debug|Any CPU.ActiveCfg = Debug|Any CPU
		{60CC8C3A-E427-418D-BF79-279DB588BAE2}.Debug|Any CPU.Build.0 = Debug|Any CPU
		{60CC8C3A-E427-418D-BF79-279DB588BAE2}.Release|Any CPU.ActiveCfg = Release|Any CPU
		{60CC8C3A-E427-418D-BF79-279DB588BAE2}.Release|Any CPU.Build.0 = Release|Any CPU
		{2D492082-2389-4EB9-8345-3F8E6022B6CB}.BrowserTests|Any CPU.ActiveCfg = Debug|Any CPU
		{2D492082-2389-4EB9-8345-3F8E6022B6CB}.BrowserTests|Any CPU.Build.0 = Debug|Any CPU
		{2D492082-2389-4EB9-8345-3F8E6022B6CB}.Debug|Any CPU.ActiveCfg = Debug|Any CPU
		{2D492082-2389-4EB9-8345-3F8E6022B6CB}.Debug|Any CPU.Build.0 = Debug|Any CPU
		{2D492082-2389-4EB9-8345-3F8E6022B6CB}.Release|Any CPU.ActiveCfg = Release|Any CPU
		{2D492082-2389-4EB9-8345-3F8E6022B6CB}.Release|Any CPU.Build.0 = Release|Any CPU
	EndGlobalSection
	GlobalSection(SolutionProperties) = preSolution
		HideSolutionNode = FALSE
	EndGlobalSection
	GlobalSection(ExtensibilityGlobals) = postSolution
		SolutionGuid = {08FA86D1-E699-4B60-808E-E7110AF82463}
	EndGlobalSection
	GlobalSection(TestCaseManagementSettings) = postSolution
		CategoryFile = DFM.vsmdi
	EndGlobalSection
EndGlobal
